// !$*UTF8*$!
{
	archiveVersion = 1;
	classes = {
	};
	objectVersion = 50;
	objects = {

/* Begin PBXBuildFile section */
		B6750A3E257BC7A000C98830 /* AppDelegate.swift in Sources */ = {isa = PBXBuildFile; fileRef = B6750A3D257BC7A000C98830 /* AppDelegate.swift */; };
		B6750A40257BC7A000C98830 /* SceneDelegate.swift in Sources */ = {isa = PBXBuildFile; fileRef = B6750A3F257BC7A000C98830 /* SceneDelegate.swift */; };
		B6750A42257BC7A000C98830 /* ViewController.swift in Sources */ = {isa = PBXBuildFile; fileRef = B6750A41257BC7A000C98830 /* ViewController.swift */; };
		B6750A45257BC7A000C98830 /* Main.storyboard in Resources */ = {isa = PBXBuildFile; fileRef = B6750A43257BC7A000C98830 /* Main.storyboard */; };
		B6750A47257BC7A200C98830 /* Assets.xcassets in Resources */ = {isa = PBXBuildFile; fileRef = B6750A46257BC7A200C98830 /* Assets.xcassets */; };
		B6750A4A257BC7A200C98830 /* LaunchScreen.storyboard in Resources */ = {isa = PBXBuildFile; fileRef = B6750A48257BC7A200C98830 /* LaunchScreen.storyboard */; };
/* End PBXBuildFile section */

/* Begin PBXFileReference section */
		B6750A3A257BC7A000C98830 /* ExpandCellAtLabel.app */ = {isa = PBXFileReference; explicitFileType = wrapper.application; includeInIndex = 0; path = ExpandCellAtLabel.app; sourceTree = BUILT_PRODUCTS_DIR; };
		B6750A3D257BC7A000C98830 /* AppDelegate.swift */ = {isa = PBXFileReference; lastKnownFileType = sourcecode.swift; path = AppDelegate.swift; sourceTree = "<group>"; };
		B6750A3F257BC7A000C98830 /* SceneDelegate.swift */ = {isa = PBXFileReference; lastKnownFileType = sourcecode.swift; path = SceneDelegate.swift; sourceTree = "<group>"; };
		B6750A41257BC7A000C98830 /* ViewController.swift */ = {isa = PBXFileReference; lastKnownFileType = sourcecode.swift; path = ViewController.swift; sourceTree = "<group>"; };
		B6750A44257BC7A000C98830 /* Base */ = {isa = PBXFileReference; lastKnownFileType = file.storyboard; name = Base; path = Base.lproj/Main.storyboard; sourceTree = "<group>"; };
		B6750A46257BC7A200C98830 /* Assets.xcassets */ = {isa = PBXFileReference; lastKnownFileType = folder.assetcatalog; path = Assets.xcassets; sourceTree = "<group>"; };
		B6750A49257BC7A200C98830 /* Base */ = {isa = PBXFileReference; lastKnownFileType = file.storyboard; name = Base; path = Base.lproj/LaunchScreen.storyboard; sourceTree = "<group>"; };
		B6750A4B257BC7A200C98830 /* Info.plist */ = {isa = PBXFileReference; lastKnownFileType = text.plist.xml; path = Info.plist; sourceTree = "<group>"; };
/* End PBXFileReference section */

/* Begin PBXFrameworksBuildPhase section */
		B6750A37257BC7A000C98830 /* Frameworks */ = {
			isa = PBXFrameworksBuildPhase;
			buildActionMask = 2147483647;
			files = (
			);
			runOnlyForDeploymentPostprocessing = 0;
		};
/* End PBXFrameworksBuildPhase section */

/* Begin PBXGroup section */
		B6750A31257BC7A000C98830 = {
			isa = PBXGroup;
			children = (
				B6750A3C257BC7A000C98830 /* ExpandCellAtLabel */,
				B6750A3B257BC7A000C98830 /* Products */,
			);
			sourceTree = "<group>";
		};
		B6750A3B257BC7A000C98830 /* Products */ = {
			isa = PBXGroup;
			children = (
				B6750A3A257BC7A000C98830 /* ExpandCellAtLabel.app */,
			);
			name = Products;
			sourceTree = "<group>";
		};
		B6750A3C257BC7A000C98830 /* ExpandCellAtLabel */ = {
			isa = PBXGroup;
			children = (
				B6750A3D257BC7A000C98830 /* AppDelegate.swift */,
				B6750A3F257BC7A000C98830 /* SceneDelegate.swift */,
				B6750A41257BC7A000C98830 /* ViewController.swift */,
				B6750A43257BC7A000C98830 /* Main.storyboard */,
				B6750A46257BC7A200C98830 /* Assets.xcassets */,
				B6750A48257BC7A200C98830 /* LaunchScreen.storyboard */,
				B6750A4B257BC7A200C98830 /* Info.plist */,
			);
			path = ExpandCellAtLabel;
			sourceTree = "<group>";
		};
/* End PBXGroup section */

/* Begin PBXNativeTarget section */
		B6750A39257BC7A000C98830 /* ExpandCellAtLabel */ = {
			isa = PBXNativeTarget;
			buildConfigurationList = B6750A4E257BC7A200C98830 /* Build configuration list for PBXNativeTarget "ExpandCellAtLabel" */;
			buildPhases = (
				B6750A36257BC7A000C98830 /* Sources */,
				B6750A37257BC7A000C98830 /* Frameworks */,
				B6750A38257BC7A000C98830 /* Resources */,
			);
			buildRules = (
			);
			dependencies = (
			);
			name = ExpandCellAtLabel;
			productName = ExpandCellAtLabel;
			productReference = B6750A3A257BC7A000C98830 /* ExpandCellAtLabel.app */;
			productType = "com.apple.product-type.application";
		};
/* End PBXNativeTarget section */

/* Begin PBXProject section */
		B6750A32257BC7A000C98830 /* Project object */ = {
			isa = PBXProject;
			attributes = {
				LastSwiftUpdateCheck = 1210;
				LastUpgradeCheck = 1210;
				TargetAttributes = {
					B6750A39257BC7A000C98830 = {
						CreatedOnToolsVersion = 12.1.1;
					};
				};
			};
			buildConfigurationList = B6750A35257BC7A000C98830 /* Build configuration list for PBXProject "ExpandCellAtLabel" */;
			compatibilityVersion = "Xcode 9.3";
			developmentRegion = en;
			hasScannedForEncodings = 0;
			knownRegions = (
				en,
				Base,
			);
			mainGroup = B6750A31257BC7A000C98830;
			productRefGroup = B6750A3B257BC7A000C98830 /* Products */;
			projectDirPath = "";
			projectRoot = "";
			targets = (
				B6750A39257BC7A000C98830 /* ExpandCellAtLabel */,
			);
		};
/* End PBXProject section */

/* Begin PBXResourcesBuildPhase section */
		B6750A38257BC7A000C98830 /* Resources */ = {
			isa = PBXResourcesBuildPhase;
			buildActionMask = 2147483647;
			files = (
				B6750A4A257BC7A200C98830 /* LaunchScreen.storyboard in Resources */,
				B6750A47257BC7A200C98830 /* Assets.xcassets in Resources */,
				B6750A45257BC7A000C98830 /* Main.storyboard in Resources */,
			);
			runOnlyForDeploymentPostprocessing = 0;
		};
/* End PBXResourcesBuildPhase section */

/* Begin PBXSourcesBuildPhase section */
		B6750A36257BC7A000C98830 /* Sources */ = {
			isa = PBXSourcesBuildPhase;
			buildActionMask = 2147483647;
			files = (
				B6750A42257BC7A000C98830 /* ViewController.swift in Sources */,
				B6750A3E257BC7A000C98830 /* AppDelegate.swift in Sources */,
				B6750A40257BC7A000C98830 /* SceneDelegate.swift in Sources */,
			);
			runOnlyForDeploymentPostprocessing = 0;
		};
/* End PBXSourcesBuildPhase section */

/* Begin PBXVariantGroup section */
		B6750A43257BC7A000C98830 /* Main.storyboard */ = {
			isa = PBXVariantGroup;
			children = (
				B6750A44257BC7A000C98830 /* Base */,
			);
			name = Main.storyboard;
			sourceTree = "<group>";
		};
		B6750A48257BC7A200C98830 /* LaunchScreen.storyboard */ = {
			isa = PBXVariantGroup;
			children = (
				B6750A49257BC7A200C98830 /* Base */,
			);
			name = LaunchScreen.storyboard;
			sourceTree = "<group>";
		};
/* End PBXVariantGroup section */

/* Begin XCBuildConfiguration section */
		B6750A4C257BC7A200C98830 /* Debug */ = {
			isa = XCBuildConfiguration;
			buildSettings = {
				ALWAYS_SEARCH_USER_PATHS = NO;
				CLANG_ANALYZER_NONNULL = YES;
				CLANG_ANALYZER_NUMBER_OBJECT_CONVERSION = YES_AGGRESSIVE;
				CLANG_CXX_LANGUAGE_STANDARD = "gnu++14";
				CLANG_CXX_LIBRARY = "libc++";
				CLANG_ENABLE_MODULES = YES;
				CLANG_ENABLE_OBJC_ARC = YES;
				CLANG_ENABLE_OBJC_WEAK = YES;
				CLANG_WARN_BLOCK_CAPTURE_AUTORELEASING = YES;
				CLANG_WARN_BOOL_CONVERSION = YES;
				CLANG_WARN_COMMA = YES;
				CLANG_WARN_CONSTANT_CONVERSION = YES;
				CLANG_WARN_DEPRECATED_OBJC_IMPLEMENTATIONS = YES;
				CLANG_WARN_DIRECT_OBJC_ISA_USAGE = YES_ERROR;
				CLANG_WARN_DOCUMENTATION_COMMENTS = YES;
				CLANG_WARN_EMPTY_BODY = YES;
				CLANG_WARN_ENUM_CONVERSION = YES;
				CLANG_WARN_INFINITE_RECURSION = YES;
				CLANG_WARN_INT_CONVERSION = YES;
				CLANG_WARN_NON_LITERAL_NULL_CONVERSION = YES;
				CLANG_WARN_OBJC_IMPLICIT_RETAIN_SELF = YES;
				CLANG_WARN_OBJC_LITERAL_CONVERSION = YES;
				CLANG_WARN_OBJC_ROOT_CLASS = YES_ERROR;
				CLANG_WARN_QUOTED_INCLUDE_IN_FRAMEWORK_HEADER = YES;
				CLANG_WARN_RANGE_LOOP_ANALYSIS = YES;
				CLANG_WARN_STRICT_PROTOTYPES = YES;
				CLANG_WARN_SUSPICIOUS_MOVE = YES;
				CLANG_WARN_UNGUARDED_AVAILABILITY = YES_AGGRESSIVE;
				CLANG_WARN_UNREACHABLE_CODE = YES;
				CLANG_WARN__DUPLICATE_METHOD_MATCH = YES;
				COPY_PHASE_STRIP = NO;
				DEBUG_INFORMATION_FORMAT = dwarf;
				ENABLE_STRICT_OBJC_MSGSEND = YES;
				ENABLE_TESTABILITY = YES;
				GCC_C_LANGUAGE_STANDARD = gnu11;
				GCC_DYNAMIC_NO_PIC = NO;
				GCC_NO_COMMON_BLOCKS = YES;
				GCC_OPTIMIZATION_LEVEL = 0;
				GCC_PREPROCESSOR_DEFINITIONS = (
					"DEBUG=1",
					"$(inherited)",
				);
				GCC_WARN_64_TO_32_BIT_CONVERSION = YES;
				GCC_WARN_ABOUT_RETURN_TYPE = YES_ERROR;
				GCC_WARN_UNDECLARED_SELECTOR = YES;
				GCC_WARN_UNINITIALIZED_AUTOS = YES_AGGRESSIVE;
				GCC_WARN_UNUSED_FUNCTION = YES;
				GCC_WARN_UNUSED_VARIABLE = YES;
				IPHONEOS_DEPLOYMENT_TARGET = 14.2;
				MTL_ENABLE_DEBUG_INFO = INCLUDE_SOURCE;
				MTL_FAST_MATH = YES;
				ONLY_ACTIVE_ARCH = YES;
				SDKROOT = iphoneos;
				SWIFT_ACTIVE_COMPILATION_CONDITIONS = DEBUG;
				SWIFT_OPTIMIZATION_LEVEL = "-Onone";
			};
			name = Debug;
		};
		B6750A4D257BC7A200C98830 /* Release */ = {
			isa = XCBuildConfiguration;
			buildSettings = {
				ALWAYS_SEARCH_USER_PATHS = NO;
				CLANG_ANALYZER_NONNULL = YES;
				CLANG_ANALYZER_NUMBER_OBJECT_CONVERSION = YES_AGGRESSIVE;
				CLANG_CXX_LANGUAGE_STANDARD = "gnu++14";
				CLANG_CXX_LIBRARY = "libc++";
				CLANG_ENABLE_MODULES = YES;
				CLANG_ENABLE_OBJC_ARC = YES;
				CLANG_ENABLE_OBJC_WEAK = YES;
				CLANG_WARN_BLOCK_CAPTURE_AUTORELEASING = YES;
				CLANG_WARN_BOOL_CONVERSION = YES;
				CLANG_WARN_COMMA = YES;
				CLANG_WARN_CONSTANT_CONVERSION = YES;
				CLANG_WARN_DEPRECATED_OBJC_IMPLEMENTATIONS = YES;
				CLANG_WARN_DIRECT_OBJC_ISA_USAGE = YES_ERROR;
				CLANG_WARN_DOCUMENTATION_COMMENTS = YES;
				CLANG_WARN_EMPTY_BODY = YES;
				CLANG_WARN_ENUM_CONVERSION = YES;
				CLANG_WARN_INFINITE_RECURSION = YES;
				CLANG_WARN_INT_CONVERSION = YES;
				CLANG_WARN_NON_LITERAL_NULL_CONVERSION = YES;
				CLANG_WARN_OBJC_IMPLICIT_RETAIN_SELF = YES;
				CLANG_WARN_OBJC_LITERAL_CONVERSION = YES;
				CLANG_WARN_OBJC_ROOT_CLASS = YES_ERROR;
				CLANG_WARN_QUOTED_INCLUDE_IN_FRAMEWORK_HEADER = YES;
				CLANG_WARN_RANGE_LOOP_ANALYSIS = YES;
				CLANG_WARN_STRICT_PROTOTYPES = YES;
				CLANG_WARN_SUSPICIOUS_MOVE = YES;
				CLANG_WARN_UNGUARDED_AVAILABILITY = YES_AGGRESSIVE;
				CLANG_WARN_UNREACHABLE_CODE = YES;
				CLANG_WARN__DUPLICATE_METHOD_MATCH = YES;
				COPY_PHASE_STRIP = NO;
				DEBUG_INFORMATION_FORMAT = "dwarf-with-dsym";
				ENABLE_NS_ASSERTIONS = NO;
				ENABLE_STRICT_OBJC_MSGSEND = YES;
				GCC_C_LANGUAGE_STANDARD = gnu11;
				GCC_NO_COMMON_BLOCKS = YES;
				GCC_WARN_64_TO_32_BIT_CONVERSION = YES;
				GCC_WARN_ABOUT_RETURN_TYPE = YES_ERROR;
				GCC_WARN_UNDECLARED_SELECTOR = YES;
				GCC_WARN_UNINITIALIZED_AUTOS = YES_AGGRESSIVE;
				GCC_WARN_UNUSED_FUNCTION = YES;
				GCC_WARN_UNUSED_VARIABLE = YES;
				IPHONEOS_DEPLOYMENT_TARGET = 14.2;
				MTL_ENABLE_DEBUG_INFO = NO;
				MTL_FAST_MATH = YES;
				SDKROOT = iphoneos;
				SWIFT_COMPILATION_MODE = wholemodule;
				SWIFT_OPTIMIZATION_LEVEL = "-O";
				VALIDATE_PRODUCT = YES;
			};
			name = Release;
		};
		B6750A4F257BC7A200C98830 /* Debug */ = {
			isa = XCBuildConfiguration;
			buildSettings = {
				ASSETCATALOG_COMPILER_APPICON_NAME = AppIcon;
				ASSETCATALOG_COMPILER_GLOBAL_ACCENT_COLOR_NAME = AccentColor;
				CODE_SIGN_STYLE = Automatic;
				DEVELOPMENT_TEAM = 2L2K3UD2LK;
				INFOPLIST_FILE = ExpandCellAtLabel/Info.plist;
				LD_RUNPATH_SEARCH_PATHS = (
					"$(inherited)",
					"@executable_path/Frameworks",
				);
				PRODUCT_BUNDLE_IDENTIFIER = kimchi.ExpandCellAtLabel;
				PRODUCT_NAME = "$(TARGET_NAME)";
				SWIFT_VERSION = 5.0;
				TARGETED_DEVICE_FAMILY = "1,2";
			};
			name = Debug;
		};
		B6750A50257BC7A200C98830 /* Release */ = {
			isa = XCBuildConfiguration;
			buildSettings = {
				ASSETCATALOG_COMPILER_APPICON_NAME = AppIcon;
				ASSETCATALOG_COMPILER_GLOBAL_ACCENT_COLOR_NAME = AccentColor;
				CODE_SIGN_STYLE = Automatic;
				DEVELOPMENT_TEAM = 2L2K3UD2LK;
				INFOPLIST_FILE = ExpandCellAtLabel/Info.plist;
				LD_RUNPATH_SEARCH_PATHS = (
					"$(inherited)",
					"@executable_path/Frameworks",
				);
				PRODUCT_BUNDLE_IDENTIFIER = kimchi.ExpandCellAtLabel;
				PRODUCT_NAME = "$(TARGET_NAME)";
				SWIFT_VERSION = 5.0;
				TARGETED_DEVICE_FAMILY = "1,2";
			};
			name = Release;
		};
/* End XCBuildConfiguration section */

/* Begin XCConfigurationList section */
		B6750A35257BC7A000C98830 /* Build configuration list for PBXProject "ExpandCellAtLabel" */ = {
			isa = XCConfigurationList;
			buildConfigurations = (
				B6750A4C257BC7A200C98830 /* Debug */,
				B6750A4D257BC7A200C98830 /* Release */,
			);
			defaultConfigurationIsVisible = 0;
			defaultConfigurationName = Release;
		};
		B6750A4E257BC7A200C98830 /* Build configuration list for PBXNativeTarget "ExpandCellAtLabel" */ = {
			isa = XCConfigurationList;
			buildConfigurations = (
				B6750A4F257BC7A200C98830 /* Debug */,
				B6750A50257BC7A200C98830 /* Release */,
			);
			defaultConfigurationIsVisible = 0;
			defaultConfigurationName = Release;
		};
/* End XCConfigurationList section */
	};
	rootObject = B6750A32257BC7A000C98830 /* Project object */;
}
