// !$*UTF8*$!
{
	archiveVersion = 1;
	classes = {
	};
	objectVersion = 50;
	objects = {

/* Begin PBXBuildFile section */
		B60E1731257E7F2E00878ECD /* AppDelegate.swift in Sources */ = {isa = PBXBuildFile; fileRef = B60E1730257E7F2E00878ECD /* AppDelegate.swift */; };
		B60E1733257E7F2E00878ECD /* SceneDelegate.swift in Sources */ = {isa = PBXBuildFile; fileRef = B60E1732257E7F2E00878ECD /* SceneDelegate.swift */; };
		B60E1735257E7F2E00878ECD /* ViewController.swift in Sources */ = {isa = PBXBuildFile; fileRef = B60E1734257E7F2E00878ECD /* ViewController.swift */; };
		B60E1738257E7F2E00878ECD /* Main.storyboard in Resources */ = {isa = PBXBuildFile; fileRef = B60E1736257E7F2E00878ECD /* Main.storyboard */; };
		B60E173A257E7F2F00878ECD /* Assets.xcassets in Resources */ = {isa = PBXBuildFile; fileRef = B60E1739257E7F2F00878ECD /* Assets.xcassets */; };
		B60E173D257E7F2F00878ECD /* LaunchScreen.storyboard in Resources */ = {isa = PBXBuildFile; fileRef = B60E173B257E7F2F00878ECD /* LaunchScreen.storyboard */; };
/* End PBXBuildFile section */

/* Begin PBXFileReference section */
		B60E172D257E7F2E00878ECD /* Chat_App.app */ = {isa = PBXFileReference; explicitFileType = wrapper.application; includeInIndex = 0; path = Chat_App.app; sourceTree = BUILT_PRODUCTS_DIR; };
		B60E1730257E7F2E00878ECD /* AppDelegate.swift */ = {isa = PBXFileReference; lastKnownFileType = sourcecode.swift; path = AppDelegate.swift; sourceTree = "<group>"; };
		B60E1732257E7F2E00878ECD /* SceneDelegate.swift */ = {isa = PBXFileReference; lastKnownFileType = sourcecode.swift; path = SceneDelegate.swift; sourceTree = "<group>"; };
		B60E1734257E7F2E00878ECD /* ViewController.swift */ = {isa = PBXFileReference; lastKnownFileType = sourcecode.swift; path = ViewController.swift; sourceTree = "<group>"; };
		B60E1737257E7F2E00878ECD /* Base */ = {isa = PBXFileReference; lastKnownFileType = file.storyboard; name = Base; path = Base.lproj/Main.storyboard; sourceTree = "<group>"; };
		B60E1739257E7F2F00878ECD /* Assets.xcassets */ = {isa = PBXFileReference; lastKnownFileType = folder.assetcatalog; path = Assets.xcassets; sourceTree = "<group>"; };
		B60E173C257E7F2F00878ECD /* Base */ = {isa = PBXFileReference; lastKnownFileType = file.storyboard; name = Base; path = Base.lproj/LaunchScreen.storyboard; sourceTree = "<group>"; };
		B60E173E257E7F2F00878ECD /* Info.plist */ = {isa = PBXFileReference; lastKnownFileType = text.plist.xml; path = Info.plist; sourceTree = "<group>"; };
/* End PBXFileReference section */

/* Begin PBXFrameworksBuildPhase section */
		B60E172A257E7F2E00878ECD /* Frameworks */ = {
			isa = PBXFrameworksBuildPhase;
			buildActionMask = 2147483647;
			files = (
			);
			runOnlyForDeploymentPostprocessing = 0;
		};
/* End PBXFrameworksBuildPhase section */

/* Begin PBXGroup section */
		B60E1724257E7F2D00878ECD = {
			isa = PBXGroup;
			children = (
				B60E172F257E7F2E00878ECD /* Chat_App */,
				B60E172E257E7F2E00878ECD /* Products */,
			);
			sourceTree = "<group>";
		};
		B60E172E257E7F2E00878ECD /* Products */ = {
			isa = PBXGroup;
			children = (
				B60E172D257E7F2E00878ECD /* Chat_App.app */,
			);
			name = Products;
			sourceTree = "<group>";
		};
		B60E172F257E7F2E00878ECD /* Chat_App */ = {
			isa = PBXGroup;
			children = (
				B60E1730257E7F2E00878ECD /* AppDelegate.swift */,
				B60E1732257E7F2E00878ECD /* SceneDelegate.swift */,
				B60E1734257E7F2E00878ECD /* ViewController.swift */,
				B60E1736257E7F2E00878ECD /* Main.storyboard */,
				B60E1739257E7F2F00878ECD /* Assets.xcassets */,
				B60E173B257E7F2F00878ECD /* LaunchScreen.storyboard */,
				B60E173E257E7F2F00878ECD /* Info.plist */,
			);
			path = Chat_App;
			sourceTree = "<group>";
		};
/* End PBXGroup section */

/* Begin PBXNativeTarget section */
		B60E172C257E7F2E00878ECD /* Chat_App */ = {
			isa = PBXNativeTarget;
			buildConfigurationList = B60E1741257E7F2F00878ECD /* Build configuration list for PBXNativeTarget "Chat_App" */;
			buildPhases = (
				B60E1729257E7F2E00878ECD /* Sources */,
				B60E172A257E7F2E00878ECD /* Frameworks */,
				B60E172B257E7F2E00878ECD /* Resources */,
			);
			buildRules = (
			);
			dependencies = (
			);
			name = Chat_App;
			productName = Chat_App;
			productReference = B60E172D257E7F2E00878ECD /* Chat_App.app */;
			productType = "com.apple.product-type.application";
		};
/* End PBXNativeTarget section */

/* Begin PBXProject section */
		B60E1725257E7F2E00878ECD /* Project object */ = {
			isa = PBXProject;
			attributes = {
				LastSwiftUpdateCheck = 1210;
				LastUpgradeCheck = 1210;
				TargetAttributes = {
					B60E172C257E7F2E00878ECD = {
						CreatedOnToolsVersion = 12.1.1;
					};
				};
			};
			buildConfigurationList = B60E1728257E7F2E00878ECD /* Build configuration list for PBXProject "Chat_App" */;
			compatibilityVersion = "Xcode 9.3";
			developmentRegion = en;
			hasScannedForEncodings = 0;
			knownRegions = (
				en,
				Base,
			);
			mainGroup = B60E1724257E7F2D00878ECD;
			productRefGroup = B60E172E257E7F2E00878ECD /* Products */;
			projectDirPath = "";
			projectRoot = "";
			targets = (
				B60E172C257E7F2E00878ECD /* Chat_App */,
			);
		};
/* End PBXProject section */

/* Begin PBXResourcesBuildPhase section */
		B60E172B257E7F2E00878ECD /* Resources */ = {
			isa = PBXResourcesBuildPhase;
			buildActionMask = 2147483647;
			files = (
				B60E173D257E7F2F00878ECD /* LaunchScreen.storyboard in Resources */,
				B60E173A257E7F2F00878ECD /* Assets.xcassets in Resources */,
				B60E1738257E7F2E00878ECD /* Main.storyboard in Resources */,
			);
			runOnlyForDeploymentPostprocessing = 0;
		};
/* End PBXResourcesBuildPhase section */

/* Begin PBXSourcesBuildPhase section */
		B60E1729257E7F2E00878ECD /* Sources */ = {
			isa = PBXSourcesBuildPhase;
			buildActionMask = 2147483647;
			files = (
				B60E1735257E7F2E00878ECD /* ViewController.swift in Sources */,
				B60E1731257E7F2E00878ECD /* AppDelegate.swift in Sources */,
				B60E1733257E7F2E00878ECD /* SceneDelegate.swift in Sources */,
			);
			runOnlyForDeploymentPostprocessing = 0;
		};
/* End PBXSourcesBuildPhase section */

/* Begin PBXVariantGroup section */
		B60E1736257E7F2E00878ECD /* Main.storyboard */ = {
			isa = PBXVariantGroup;
			children = (
				B60E1737257E7F2E00878ECD /* Base */,
			);
			name = Main.storyboard;
			sourceTree = "<group>";
		};
		B60E173B257E7F2F00878ECD /* LaunchScreen.storyboard */ = {
			isa = PBXVariantGroup;
			children = (
				B60E173C257E7F2F00878ECD /* Base */,
			);
			name = LaunchScreen.storyboard;
			sourceTree = "<group>";
		};
/* End PBXVariantGroup section */

/* Begin XCBuildConfiguration section */
		B60E173F257E7F2F00878ECD /* Debug */ = {
			isa = XCBuildConfiguration;
			buildSettings = {
				ALWAYS_SEARCH_USER_PATHS = NO;
				CLANG_ANALYZER_NONNULL = YES;
				CLANG_ANALYZER_NUMBER_OBJECT_CONVERSION = YES_AGGRESSIVE;
				CLANG_CXX_LANGUAGE_STANDARD = "gnu++14";
				CLANG_CXX_LIBRARY = "libc++";
				CLANG_ENABLE_MODULES = YES;
				CLANG_ENABLE_OBJC_ARC = YES;
				CLANG_ENABLE_OBJC_WEAK = YES;
				CLANG_WARN_BLOCK_CAPTURE_AUTORELEASING = YES;
				CLANG_WARN_BOOL_CONVERSION = YES;
				CLANG_WARN_COMMA = YES;
				CLANG_WARN_CONSTANT_CONVERSION = YES;
				CLANG_WARN_DEPRECATED_OBJC_IMPLEMENTATIONS = YES;
				CLANG_WARN_DIRECT_OBJC_ISA_USAGE = YES_ERROR;
				CLANG_WARN_DOCUMENTATION_COMMENTS = YES;
				CLANG_WARN_EMPTY_BODY = YES;
				CLANG_WARN_ENUM_CONVERSION = YES;
				CLANG_WARN_INFINITE_RECURSION = YES;
				CLANG_WARN_INT_CONVERSION = YES;
				CLANG_WARN_NON_LITERAL_NULL_CONVERSION = YES;
				CLANG_WARN_OBJC_IMPLICIT_RETAIN_SELF = YES;
				CLANG_WARN_OBJC_LITERAL_CONVERSION = YES;
				CLANG_WARN_OBJC_ROOT_CLASS = YES_ERROR;
				CLANG_WARN_QUOTED_INCLUDE_IN_FRAMEWORK_HEADER = YES;
				CLANG_WARN_RANGE_LOOP_ANALYSIS = YES;
				CLANG_WARN_STRICT_PROTOTYPES = YES;
				CLANG_WARN_SUSPICIOUS_MOVE = YES;
				CLANG_WARN_UNGUARDED_AVAILABILITY = YES_AGGRESSIVE;
				CLANG_WARN_UNREACHABLE_CODE = YES;
				CLANG_WARN__DUPLICATE_METHOD_MATCH = YES;
				COPY_PHASE_STRIP = NO;
				DEBUG_INFORMATION_FORMAT = dwarf;
				ENABLE_STRICT_OBJC_MSGSEND = YES;
				ENABLE_TESTABILITY = YES;
				GCC_C_LANGUAGE_STANDARD = gnu11;
				GCC_DYNAMIC_NO_PIC = NO;
				GCC_NO_COMMON_BLOCKS = YES;
				GCC_OPTIMIZATION_LEVEL = 0;
				GCC_PREPROCESSOR_DEFINITIONS = (
					"DEBUG=1",
					"$(inherited)",
				);
				GCC_WARN_64_TO_32_BIT_CONVERSION = YES;
				GCC_WARN_ABOUT_RETURN_TYPE = YES_ERROR;
				GCC_WARN_UNDECLARED_SELECTOR = YES;
				GCC_WARN_UNINITIALIZED_AUTOS = YES_AGGRESSIVE;
				GCC_WARN_UNUSED_FUNCTION = YES;
				GCC_WARN_UNUSED_VARIABLE = YES;
				IPHONEOS_DEPLOYMENT_TARGET = 14.2;
				MTL_ENABLE_DEBUG_INFO = INCLUDE_SOURCE;
				MTL_FAST_MATH = YES;
				ONLY_ACTIVE_ARCH = YES;
				SDKROOT = iphoneos;
				SWIFT_ACTIVE_COMPILATION_CONDITIONS = DEBUG;
				SWIFT_OPTIMIZATION_LEVEL = "-Onone";
			};
			name = Debug;
		};
		B60E1740257E7F2F00878ECD /* Release */ = {
			isa = XCBuildConfiguration;
			buildSettings = {
				ALWAYS_SEARCH_USER_PATHS = NO;
				CLANG_ANALYZER_NONNULL = YES;
				CLANG_ANALYZER_NUMBER_OBJECT_CONVERSION = YES_AGGRESSIVE;
				CLANG_CXX_LANGUAGE_STANDARD = "gnu++14";
				CLANG_CXX_LIBRARY = "libc++";
				CLANG_ENABLE_MODULES = YES;
				CLANG_ENABLE_OBJC_ARC = YES;
				CLANG_ENABLE_OBJC_WEAK = YES;
				CLANG_WARN_BLOCK_CAPTURE_AUTORELEASING = YES;
				CLANG_WARN_BOOL_CONVERSION = YES;
				CLANG_WARN_COMMA = YES;
				CLANG_WARN_CONSTANT_CONVERSION = YES;
				CLANG_WARN_DEPRECATED_OBJC_IMPLEMENTATIONS = YES;
				CLANG_WARN_DIRECT_OBJC_ISA_USAGE = YES_ERROR;
				CLANG_WARN_DOCUMENTATION_COMMENTS = YES;
				CLANG_WARN_EMPTY_BODY = YES;
				CLANG_WARN_ENUM_CONVERSION = YES;
				CLANG_WARN_INFINITE_RECURSION = YES;
				CLANG_WARN_INT_CONVERSION = YES;
				CLANG_WARN_NON_LITERAL_NULL_CONVERSION = YES;
				CLANG_WARN_OBJC_IMPLICIT_RETAIN_SELF = YES;
				CLANG_WARN_OBJC_LITERAL_CONVERSION = YES;
				CLANG_WARN_OBJC_ROOT_CLASS = YES_ERROR;
				CLANG_WARN_QUOTED_INCLUDE_IN_FRAMEWORK_HEADER = YES;
				CLANG_WARN_RANGE_LOOP_ANALYSIS = YES;
				CLANG_WARN_STRICT_PROTOTYPES = YES;
				CLANG_WARN_SUSPICIOUS_MOVE = YES;
				CLANG_WARN_UNGUARDED_AVAILABILITY = YES_AGGRESSIVE;
				CLANG_WARN_UNREACHABLE_CODE = YES;
				CLANG_WARN__DUPLICATE_METHOD_MATCH = YES;
				COPY_PHASE_STRIP = NO;
				DEBUG_INFORMATION_FORMAT = "dwarf-with-dsym";
				ENABLE_NS_ASSERTIONS = NO;
				ENABLE_STRICT_OBJC_MSGSEND = YES;
				GCC_C_LANGUAGE_STANDARD = gnu11;
				GCC_NO_COMMON_BLOCKS = YES;
				GCC_WARN_64_TO_32_BIT_CONVERSION = YES;
				GCC_WARN_ABOUT_RETURN_TYPE = YES_ERROR;
				GCC_WARN_UNDECLARED_SELECTOR = YES;
				GCC_WARN_UNINITIALIZED_AUTOS = YES_AGGRESSIVE;
				GCC_WARN_UNUSED_FUNCTION = YES;
				GCC_WARN_UNUSED_VARIABLE = YES;
				IPHONEOS_DEPLOYMENT_TARGET = 14.2;
				MTL_ENABLE_DEBUG_INFO = NO;
				MTL_FAST_MATH = YES;
				SDKROOT = iphoneos;
				SWIFT_COMPILATION_MODE = wholemodule;
				SWIFT_OPTIMIZATION_LEVEL = "-O";
				VALIDATE_PRODUCT = YES;
			};
			name = Release;
		};
		B60E1742257E7F2F00878ECD /* Debug */ = {
			isa = XCBuildConfiguration;
			buildSettings = {
				ASSETCATALOG_COMPILER_APPICON_NAME = AppIcon;
				ASSETCATALOG_COMPILER_GLOBAL_ACCENT_COLOR_NAME = AccentColor;
				CODE_SIGN_STYLE = Automatic;
				DEVELOPMENT_TEAM = 2L2K3UD2LK;
				INFOPLIST_FILE = Chat_App/Info.plist;
				LD_RUNPATH_SEARCH_PATHS = (
					"$(inherited)",
					"@executable_path/Frameworks",
				);
				PRODUCT_BUNDLE_IDENTIFIER = "kimchi.Chat-App";
				PRODUCT_NAME = "$(TARGET_NAME)";
				SWIFT_VERSION = 5.0;
				TARGETED_DEVICE_FAMILY = "1,2";
			};
			name = Debug;
		};
		B60E1743257E7F2F00878ECD /* Release */ = {
			isa = XCBuildConfiguration;
			buildSettings = {
				ASSETCATALOG_COMPILER_APPICON_NAME = AppIcon;
				ASSETCATALOG_COMPILER_GLOBAL_ACCENT_COLOR_NAME = AccentColor;
				CODE_SIGN_STYLE = Automatic;
				DEVELOPMENT_TEAM = 2L2K3UD2LK;
				INFOPLIST_FILE = Chat_App/Info.plist;
				LD_RUNPATH_SEARCH_PATHS = (
					"$(inherited)",
					"@executable_path/Frameworks",
				);
				PRODUCT_BUNDLE_IDENTIFIER = "kimchi.Chat-App";
				PRODUCT_NAME = "$(TARGET_NAME)";
				SWIFT_VERSION = 5.0;
				TARGETED_DEVICE_FAMILY = "1,2";
			};
			name = Release;
		};
/* End XCBuildConfiguration section */

/* Begin XCConfigurationList section */
		B60E1728257E7F2E00878ECD /* Build configuration list for PBXProject "Chat_App" */ = {
			isa = XCConfigurationList;
			buildConfigurations = (
				B60E173F257E7F2F00878ECD /* Debug */,
				B60E1740257E7F2F00878ECD /* Release */,
			);
			defaultConfigurationIsVisible = 0;
			defaultConfigurationName = Release;
		};
		B60E1741257E7F2F00878ECD /* Build configuration list for PBXNativeTarget "Chat_App" */ = {
			isa = XCConfigurationList;
			buildConfigurations = (
				B60E1742257E7F2F00878ECD /* Debug */,
				B60E1743257E7F2F00878ECD /* Release */,
			);
			defaultConfigurationIsVisible = 0;
			defaultConfigurationName = Release;
		};
/* End XCConfigurationList section */
	};
	rootObject = B60E1725257E7F2E00878ECD /* Project object */;
}
